<?xml version="1.0" encoding="utf-8"?><WorkWithObjectsConfig xmlns:xsi="http://www.w3.org/2001/XMLSchema-instance" xmlns:xsd="http://www.w3.org/2001/XMLSchema"><Pattern /><Type>Module</Type><ShowAll>false</ShowAll><WSObjectsNames /><WSObjectsTypes /><ShowMore>false</ShowMore><Category>*All</Category><Parent /><ModifiedBy>false</ModifiedBy><Search /><UserName /><DateTypeFilter /><DateFilter>0001-01-01T00:00:00</DateFilter><ColumnNameSize>249</ColumnNameSize><ColumnTypeSize>241</ColumnTypeSize><ColumnModuleSize>167</ColumnModuleSize><ColumnDescriptionSize>230</ColumnDescriptionSize><ColumnDateSize>231</ColumnDateSize><ColumnUserSize>176</ColumnUserSize><ColumnImportDateSize>244</ColumnImportDateSize><ColumnSpecifiedDateSize>176</ColumnSpecifiedDateSize><ColumnNamePosition>1</ColumnNamePosition><ColumnTypePosition>2</ColumnTypePosition><ColumnModulePosition>3</ColumnModulePosition><ColumnDescriptionPosition>4</ColumnDescriptionPosition><ColumnDatePosition>5</ColumnDatePosition><ColumnUserPosition>6</ColumnUserPosition><ColumnImportDatePosition>7</ColumnImportDatePosition><ColumnSpecifiedDatePosition>11</ColumnSpecifiedDatePosition><FormWidth>1558</FormWidth><FormHeigth>1156</FormHeigth></WorkWithObjectsConfig>