<?xml version="1.0" encoding="utf-8"?><WorkWithAttributesConfig xmlns:xsi="http://www.w3.org/2001/XMLSchema-instance" xmlns:xsd="http://www.w3.org/2001/XMLSchema"><Pattern /><Type /><ShowAll>false</ShowAll><TypeObject /><Object /><Module /><ShowMore>false</ShowMore><ColumnNameSize>222</ColumnNameSize><ColumnTypeSize>211</ColumnTypeSize><ColumnModuleSize>154</ColumnModuleSize><ColumnDescriptionSize>213</ColumnDescriptionSize><FormWidth>772</FormWidth><FormHeigth>888</FormHeigth></WorkWithAttributesConfig>